{
    "version": 3,
    "terraform_version": "0.11.8",
    "serial": 24,
    "lineage": "8dbe479a-a492-2a75-03cd-06bc3cc41c3f",
    "modules": [
        {
            "path": [
                "root"
            ],
            "outputs": {},
            "resources": {
                "yandex_vpc_network.network": {
                    "type": "yandex_vpc_network",
                    "depends_on": [],
                    "primary": {
                        "id": "enp7f0a46e1b4h6908a0",
                        "attributes": {
                            "description": "",
                            "folder_id": "b1g1v8cu6isid0ms9va4",
                            "id": "enp7f0a46e1b4h6908a0",
                            "labels.%": "0",
                            "name": "nlb-network"
                        },
                        "meta": {
                            "e2bfb730-ecaa-11e6-8f88-34363bc7c4c0": {
                                "create": 60000000000,
                                "delete": 60000000000,
                                "update": 60000000000
                            }
                        },
                        "tainted": false
                    },
                    "deposed": [],
                    "provider": "provider.yandex"
                },
                "yandex_vpc_subnet.subnet.0": {
                    "type": "yandex_vpc_subnet",
                    "depends_on": [
                        "yandex_vpc_network.network"
                    ],
                    "primary": {
                        "id": "e9b9u5ls5othl32jfi9u",
                        "attributes": {
                            "description": "",
                            "folder_id": "b1g1v8cu6isid0ms9va4",
                            "id": "e9b9u5ls5othl32jfi9u",
                            "labels.%": "0",
                            "name": "nlb-subnet-0",
                            "network_id": "enp7f0a46e1b4h6908a0",
                            "v4_cidr_blocks.#": "1",
                            "v4_cidr_blocks.0": "192.168.0.0/24",
                            "v6_cidr_blocks.#": "0",
                            "zone": "ru-central1-a"
                        },
                        "meta": {
                            "e2bfb730-ecaa-11e6-8f88-34363bc7c4c0": {
                                "create": 60000000000,
                                "delete": 60000000000,
                                "update": 60000000000
                            }
                        },
                        "tainted": false
                    },
                    "deposed": [],
                    "provider": "provider.yandex"
                }
            },
            "depends_on": []
        }
    ]
}
